exchange_inputs_in_viewer: xkdeco:factory_block
stonecutter_exchange: true
switch: {}
blocks:
- xkdeco:factory_attention
- xkdeco:factory_attention_rusted
- xkdeco:factory_attention_rusting
- xkdeco:factory_biohazard
- xkdeco:factory_biohazard_rusted
- xkdeco:factory_biohazard_rusting
- xkdeco:factory_block
- xkdeco:factory_block_rusted
- xkdeco:factory_block_rusting
- xkdeco:factory_danger
- xkdeco:factory_danger_rusted
- xkdeco:factory_danger_rusting
- xkdeco:factory_electricity
- xkdeco:factory_electricity_rusted
- xkdeco:factory_electricity_rusting
- xkdeco:factory_radiation
- xkdeco:factory_radiation_rusted
- xkdeco:factory_radiation_rusting
- xkdeco:factory_slab
- xkdeco:factory_slab_rusted
- xkdeco:factory_slab_rusting
- xkdeco:factory_stairs
- xkdeco:factory_stairs_rusted
- xkdeco:factory_stairs_rusting
- xkdeco:factory_toxic
- xkdeco:factory_toxic_rusted
- xkdeco:factory_toxic_rusting
- xkdeco:factory_trapdoor
- xkdeco:factory_trapdoor_rusted
- xkdeco:factory_trapdoor_rusting
