stonecutter_from: gold_block
stonecutter_from_multiplier: 4
stonecutter_exchange: true
quick_switch: true
blocks:
- xkdeco:chiseled_gold_block
- xkdeco:cut_gold_block
- xkdeco:cut_gold_block_slab
- xkdeco:cut_gold_block_stairs
- xkdeco:gold_brick_slab
- xkdeco:gold_brick_stairs
- xkdeco:gold_bricks
- xkdeco:gold_pillar
- xkdeco:painted_gold_block
